
Microsoft Visual Studio Solution File, Format Version 12.00
# Visual Studio Version 17
VisualStudioVersion = 17.10.35027.167
MinimumVisualStudioVersion = 10.0.40219.1
Project("{9A19103F-16F7-4668-BE54-9A1E7A4F7556}") = "URI1042", "URI1042\URI1042.csproj", "{DBB348C1-CBB4-49DA-906A-D90CFD7E71FF}"
EndProject
Project("{9A19103F-16F7-4668-BE54-9A1E7A4F7556}") = "URI1043", "URI1043\URI1043.csproj", "{057E5CE1-0733-40E3-9A98-CE86C5ADE90A}"
EndProject
Project("{9A19103F-16F7-4668-BE54-9A1E7A4F7556}") = "URI1050", "URI1050\URI1050.csproj", "{CD8E96BF-1DC2-4441-9425-21B0CB8828D3}"
EndProject
Project("{9A19103F-16F7-4668-BE54-9A1E7A4F7556}") = "URI1052", "URI1052\URI1052.csproj", "{303DB2B4-7A5F-48AB-B98C-7B920CA61CA1}"
EndProject
Project("{9A19103F-16F7-4668-BE54-9A1E7A4F7556}") = "URI1060", "URI1060\URI1060.csproj", "{DF7D2FCB-1795-49D7-B212-8FA3B126E47F}"
EndProject
Project("{9A19103F-16F7-4668-BE54-9A1E7A4F7556}") = "URI1064", "URI1064\URI1064.csproj", "{2CAFA8D1-B8EC-4D66-88EF-6B3D44AF23FC}"
EndProject
Project("{9A19103F-16F7-4668-BE54-9A1E7A4F7556}") = "URI1065", "URI1065\URI1065.csproj", "{D1CABED1-5C4F-4DE9-98B1-C1209B3860B2}"
EndProject
Project("{9A19103F-16F7-4668-BE54-9A1E7A4F7556}") = "URI1066", "URI1066\URI1066.csproj", "{7B788980-C00E-436F-81B6-62D1A324BC9A}"
EndProject
Project("{9A19103F-16F7-4668-BE54-9A1E7A4F7556}") = "URI1070", "URI1070\URI1070.csproj", "{B4B87E01-0693-4801-B817-8E2A8D3D6796}"
EndProject
Project("{9A19103F-16F7-4668-BE54-9A1E7A4F7556}") = "URI1035", "URI1035\URI1035.csproj", "{EF22D827-545B-4A69-8329-1BD762814880}"
EndProject
Project("{9A19103F-16F7-4668-BE54-9A1E7A4F7556}") = "URI1038", "URI1038\URI1038.csproj", "{FDEC83AF-4B6E-4518-A5DE-AFDAFCE6B5CE}"
EndProject
Project("{9A19103F-16F7-4668-BE54-9A1E7A4F7556}") = "URI1044", "URI1044\URI1044.csproj", "{616DAE84-A045-4B09-9203-8460A14D0E1F}"
EndProject
Project("{9A19103F-16F7-4668-BE54-9A1E7A4F7556}") = "URI1046", "URI1046\URI1046.csproj", "{81575E3D-C133-4DB5-9D59-A3DBD92C7F80}"
EndProject
Project("{9A19103F-16F7-4668-BE54-9A1E7A4F7556}") = "URI1048", "URI1048\URI1048.csproj", "{F7D166C9-1A91-4BE0-A57D-37AE06E28102}"
EndProject
Project("{9A19103F-16F7-4668-BE54-9A1E7A4F7556}") = "URI1037", "URI1037\URI1037.csproj", "{506C36C2-CA7F-46BF-9A04-B6BD594D1E1E}"
EndProject
Project("{9A19103F-16F7-4668-BE54-9A1E7A4F7556}") = "URI1040", "URI1040\URI1040.csproj", "{C6F20254-D3CD-434C-8972-6AEF8CC38096}"
EndProject
Project("{9A19103F-16F7-4668-BE54-9A1E7A4F7556}") = "URI1041", "URI1041\URI1041.csproj", "{A0CBE42F-18AA-41FA-B8DE-F29E223FC73D}"
EndProject
Project("{9A19103F-16F7-4668-BE54-9A1E7A4F7556}") = "URI1045", "URI1045\URI1045.csproj", "{76AE05B0-5D87-457F-BE37-F37DF55DB5EE}"
EndProject
Project("{9A19103F-16F7-4668-BE54-9A1E7A4F7556}") = "URI1047", "URI1047\URI1047.csproj", "{EA1B314D-6B91-4811-B29D-7F80B4BA8BDF}"
EndProject
Project("{9A19103F-16F7-4668-BE54-9A1E7A4F7556}") = "URI1049", "URI1049\URI1049.csproj", "{6B4B8361-BA52-429B-8932-E83A6C6FF2D8}"
EndProject
Project("{9A19103F-16F7-4668-BE54-9A1E7A4F7556}") = "URI1051", "URI1051\URI1051.csproj", "{2BB5D735-E44E-409C-B92D-AE049C275C09}"
EndProject
Project("{FAE04EC0-301F-11D3-BF4B-00C04F79EFBC}") = "Exercicio1", "Exercicio1\Exercicio1.csproj", "{1B9E31BC-BA10-4F94-B981-56B394464D8C}"
EndProject
Project("{FAE04EC0-301F-11D3-BF4B-00C04F79EFBC}") = "Exercicio2", "Exercicio2\Exercicio2.csproj", "{F75CE557-D4F4-44F1-A686-12177E7F9074}"
EndProject
Project("{FAE04EC0-301F-11D3-BF4B-00C04F79EFBC}") = "Exercicio3", "Exercicio3\Exercicio3.csproj", "{52CC91BC-053D-4A3B-892C-C05607DA2D59}"
EndProject
Global
	GlobalSection(SolutionConfigurationPlatforms) = preSolution
		Debug|Any CPU = Debug|Any CPU
		Release|Any CPU = Release|Any CPU
	EndGlobalSection
	GlobalSection(ProjectConfigurationPlatforms) = postSolution
		{DBB348C1-CBB4-49DA-906A-D90CFD7E71FF}.Debug|Any CPU.ActiveCfg = Debug|Any CPU
		{DBB348C1-CBB4-49DA-906A-D90CFD7E71FF}.Debug|Any CPU.Build.0 = Debug|Any CPU
		{DBB348C1-CBB4-49DA-906A-D90CFD7E71FF}.Release|Any CPU.ActiveCfg = Release|Any CPU
		{DBB348C1-CBB4-49DA-906A-D90CFD7E71FF}.Release|Any CPU.Build.0 = Release|Any CPU
		{057E5CE1-0733-40E3-9A98-CE86C5ADE90A}.Debug|Any CPU.ActiveCfg = Debug|Any CPU
		{057E5CE1-0733-40E3-9A98-CE86C5ADE90A}.Debug|Any CPU.Build.0 = Debug|Any CPU
		{057E5CE1-0733-40E3-9A98-CE86C5ADE90A}.Release|Any CPU.ActiveCfg = Release|Any CPU
		{057E5CE1-0733-40E3-9A98-CE86C5ADE90A}.Release|Any CPU.Build.0 = Release|Any CPU
		{CD8E96BF-1DC2-4441-9425-21B0CB8828D3}.Debug|Any CPU.ActiveCfg = Debug|Any CPU
		{CD8E96BF-1DC2-4441-9425-21B0CB8828D3}.Debug|Any CPU.Build.0 = Debug|Any CPU
		{CD8E96BF-1DC2-4441-9425-21B0CB8828D3}.Release|Any CPU.ActiveCfg = Release|Any CPU
		{CD8E96BF-1DC2-4441-9425-21B0CB8828D3}.Release|Any CPU.Build.0 = Release|Any CPU
		{303DB2B4-7A5F-48AB-B98C-7B920CA61CA1}.Debug|Any CPU.ActiveCfg = Debug|Any CPU
		{303DB2B4-7A5F-48AB-B98C-7B920CA61CA1}.Debug|Any CPU.Build.0 = Debug|Any CPU
		{303DB2B4-7A5F-48AB-B98C-7B920CA61CA1}.Release|Any CPU.ActiveCfg = Release|Any CPU
		{303DB2B4-7A5F-48AB-B98C-7B920CA61CA1}.Release|Any CPU.Build.0 = Release|Any CPU
		{DF7D2FCB-1795-49D7-B212-8FA3B126E47F}.Debug|Any CPU.ActiveCfg = Debug|Any CPU
		{DF7D2FCB-1795-49D7-B212-8FA3B126E47F}.Debug|Any CPU.Build.0 = Debug|Any CPU
		{DF7D2FCB-1795-49D7-B212-8FA3B126E47F}.Release|Any CPU.ActiveCfg = Release|Any CPU
		{DF7D2FCB-1795-49D7-B212-8FA3B126E47F}.Release|Any CPU.Build.0 = Release|Any CPU
		{2CAFA8D1-B8EC-4D66-88EF-6B3D44AF23FC}.Debug|Any CPU.ActiveCfg = Debug|Any CPU
		{2CAFA8D1-B8EC-4D66-88EF-6B3D44AF23FC}.Debug|Any CPU.Build.0 = Debug|Any CPU
		{2CAFA8D1-B8EC-4D66-88EF-6B3D44AF23FC}.Release|Any CPU.ActiveCfg = Release|Any CPU
		{2CAFA8D1-B8EC-4D66-88EF-6B3D44AF23FC}.Release|Any CPU.Build.0 = Release|Any CPU
		{D1CABED1-5C4F-4DE9-98B1-C1209B3860B2}.Debug|Any CPU.ActiveCfg = Debug|Any CPU
		{D1CABED1-5C4F-4DE9-98B1-C1209B3860B2}.Debug|Any CPU.Build.0 = Debug|Any CPU
		{D1CABED1-5C4F-4DE9-98B1-C1209B3860B2}.Release|Any CPU.ActiveCfg = Release|Any CPU
		{D1CABED1-5C4F-4DE9-98B1-C1209B3860B2}.Release|Any CPU.Build.0 = Release|Any CPU
		{7B788980-C00E-436F-81B6-62D1A324BC9A}.Debug|Any CPU.ActiveCfg = Debug|Any CPU
		{7B788980-C00E-436F-81B6-62D1A324BC9A}.Debug|Any CPU.Build.0 = Debug|Any CPU
		{7B788980-C00E-436F-81B6-62D1A324BC9A}.Release|Any CPU.ActiveCfg = Release|Any CPU
		{7B788980-C00E-436F-81B6-62D1A324BC9A}.Release|Any CPU.Build.0 = Release|Any CPU
		{B4B87E01-0693-4801-B817-8E2A8D3D6796}.Debug|Any CPU.ActiveCfg = Debug|Any CPU
		{B4B87E01-0693-4801-B817-8E2A8D3D6796}.Debug|Any CPU.Build.0 = Debug|Any CPU
		{B4B87E01-0693-4801-B817-8E2A8D3D6796}.Release|Any CPU.ActiveCfg = Release|Any CPU
		{B4B87E01-0693-4801-B817-8E2A8D3D6796}.Release|Any CPU.Build.0 = Release|Any CPU
		{EF22D827-545B-4A69-8329-1BD762814880}.Debug|Any CPU.ActiveCfg = Debug|Any CPU
		{EF22D827-545B-4A69-8329-1BD762814880}.Debug|Any CPU.Build.0 = Debug|Any CPU
		{EF22D827-545B-4A69-8329-1BD762814880}.Release|Any CPU.ActiveCfg = Release|Any CPU
		{EF22D827-545B-4A69-8329-1BD762814880}.Release|Any CPU.Build.0 = Release|Any CPU
		{FDEC83AF-4B6E-4518-A5DE-AFDAFCE6B5CE}.Debug|Any CPU.ActiveCfg = Debug|Any CPU
		{FDEC83AF-4B6E-4518-A5DE-AFDAFCE6B5CE}.Debug|Any CPU.Build.0 = Debug|Any CPU
		{FDEC83AF-4B6E-4518-A5DE-AFDAFCE6B5CE}.Release|Any CPU.ActiveCfg = Release|Any CPU
		{FDEC83AF-4B6E-4518-A5DE-AFDAFCE6B5CE}.Release|Any CPU.Build.0 = Release|Any CPU
		{616DAE84-A045-4B09-9203-8460A14D0E1F}.Debug|Any CPU.ActiveCfg = Debug|Any CPU
		{616DAE84-A045-4B09-9203-8460A14D0E1F}.Debug|Any CPU.Build.0 = Debug|Any CPU
		{616DAE84-A045-4B09-9203-8460A14D0E1F}.Release|Any CPU.ActiveCfg = Release|Any CPU
		{616DAE84-A045-4B09-9203-8460A14D0E1F}.Release|Any CPU.Build.0 = Release|Any CPU
		{81575E3D-C133-4DB5-9D59-A3DBD92C7F80}.Debug|Any CPU.ActiveCfg = Debug|Any CPU
		{81575E3D-C133-4DB5-9D59-A3DBD92C7F80}.Debug|Any CPU.Build.0 = Debug|Any CPU
		{81575E3D-C133-4DB5-9D59-A3DBD92C7F80}.Release|Any CPU.ActiveCfg = Release|Any CPU
		{81575E3D-C133-4DB5-9D59-A3DBD92C7F80}.Release|Any CPU.Build.0 = Release|Any CPU
		{F7D166C9-1A91-4BE0-A57D-37AE06E28102}.Debug|Any CPU.ActiveCfg = Debug|Any CPU
		{F7D166C9-1A91-4BE0-A57D-37AE06E28102}.Debug|Any CPU.Build.0 = Debug|Any CPU
		{F7D166C9-1A91-4BE0-A57D-37AE06E28102}.Release|Any CPU.ActiveCfg = Release|Any CPU
		{F7D166C9-1A91-4BE0-A57D-37AE06E28102}.Release|Any CPU.Build.0 = Release|Any CPU
		{506C36C2-CA7F-46BF-9A04-B6BD594D1E1E}.Debug|Any CPU.ActiveCfg = Debug|Any CPU
		{506C36C2-CA7F-46BF-9A04-B6BD594D1E1E}.Debug|Any CPU.Build.0 = Debug|Any CPU
		{506C36C2-CA7F-46BF-9A04-B6BD594D1E1E}.Release|Any CPU.ActiveCfg = Release|Any CPU
		{506C36C2-CA7F-46BF-9A04-B6BD594D1E1E}.Release|Any CPU.Build.0 = Release|Any CPU
		{C6F20254-D3CD-434C-8972-6AEF8CC38096}.Debug|Any CPU.ActiveCfg = Debug|Any CPU
		{C6F20254-D3CD-434C-8972-6AEF8CC38096}.Debug|Any CPU.Build.0 = Debug|Any CPU
		{C6F20254-D3CD-434C-8972-6AEF8CC38096}.Release|Any CPU.ActiveCfg = Release|Any CPU
		{C6F20254-D3CD-434C-8972-6AEF8CC38096}.Release|Any CPU.Build.0 = Release|Any CPU
		{A0CBE42F-18AA-41FA-B8DE-F29E223FC73D}.Debug|Any CPU.ActiveCfg = Debug|Any CPU
		{A0CBE42F-18AA-41FA-B8DE-F29E223FC73D}.Debug|Any CPU.Build.0 = Debug|Any CPU
		{A0CBE42F-18AA-41FA-B8DE-F29E223FC73D}.Release|Any CPU.ActiveCfg = Release|Any CPU
		{A0CBE42F-18AA-41FA-B8DE-F29E223FC73D}.Release|Any CPU.Build.0 = Release|Any CPU
		{76AE05B0-5D87-457F-BE37-F37DF55DB5EE}.Debug|Any CPU.ActiveCfg = Debug|Any CPU
		{76AE05B0-5D87-457F-BE37-F37DF55DB5EE}.Debug|Any CPU.Build.0 = Debug|Any CPU
		{76AE05B0-5D87-457F-BE37-F37DF55DB5EE}.Release|Any CPU.ActiveCfg = Release|Any CPU
		{76AE05B0-5D87-457F-BE37-F37DF55DB5EE}.Release|Any CPU.Build.0 = Release|Any CPU
		{EA1B314D-6B91-4811-B29D-7F80B4BA8BDF}.Debug|Any CPU.ActiveCfg = Debug|Any CPU
		{EA1B314D-6B91-4811-B29D-7F80B4BA8BDF}.Debug|Any CPU.Build.0 = Debug|Any CPU
		{EA1B314D-6B91-4811-B29D-7F80B4BA8BDF}.Release|Any CPU.ActiveCfg = Release|Any CPU
		{EA1B314D-6B91-4811-B29D-7F80B4BA8BDF}.Release|Any CPU.Build.0 = Release|Any CPU
		{6B4B8361-BA52-429B-8932-E83A6C6FF2D8}.Debug|Any CPU.ActiveCfg = Debug|Any CPU
		{6B4B8361-BA52-429B-8932-E83A6C6FF2D8}.Debug|Any CPU.Build.0 = Debug|Any CPU
		{6B4B8361-BA52-429B-8932-E83A6C6FF2D8}.Release|Any CPU.ActiveCfg = Release|Any CPU
		{6B4B8361-BA52-429B-8932-E83A6C6FF2D8}.Release|Any CPU.Build.0 = Release|Any CPU
		{2BB5D735-E44E-409C-B92D-AE049C275C09}.Debug|Any CPU.ActiveCfg = Debug|Any CPU
		{2BB5D735-E44E-409C-B92D-AE049C275C09}.Debug|Any CPU.Build.0 = Debug|Any CPU
		{2BB5D735-E44E-409C-B92D-AE049C275C09}.Release|Any CPU.ActiveCfg = Release|Any CPU
		{2BB5D735-E44E-409C-B92D-AE049C275C09}.Release|Any CPU.Build.0 = Release|Any CPU
		{1B9E31BC-BA10-4F94-B981-56B394464D8C}.Debug|Any CPU.ActiveCfg = Debug|Any CPU
		{1B9E31BC-BA10-4F94-B981-56B394464D8C}.Debug|Any CPU.Build.0 = Debug|Any CPU
		{1B9E31BC-BA10-4F94-B981-56B394464D8C}.Release|Any CPU.ActiveCfg = Release|Any CPU
		{1B9E31BC-BA10-4F94-B981-56B394464D8C}.Release|Any CPU.Build.0 = Release|Any CPU
		{F75CE557-D4F4-44F1-A686-12177E7F9074}.Debug|Any CPU.ActiveCfg = Debug|Any CPU
		{F75CE557-D4F4-44F1-A686-12177E7F9074}.Debug|Any CPU.Build.0 = Debug|Any CPU
		{F75CE557-D4F4-44F1-A686-12177E7F9074}.Release|Any CPU.ActiveCfg = Release|Any CPU
		{F75CE557-D4F4-44F1-A686-12177E7F9074}.Release|Any CPU.Build.0 = Release|Any CPU
		{52CC91BC-053D-4A3B-892C-C05607DA2D59}.Debug|Any CPU.ActiveCfg = Debug|Any CPU
		{52CC91BC-053D-4A3B-892C-C05607DA2D59}.Debug|Any CPU.Build.0 = Debug|Any CPU
		{52CC91BC-053D-4A3B-892C-C05607DA2D59}.Release|Any CPU.ActiveCfg = Release|Any CPU
		{52CC91BC-053D-4A3B-892C-C05607DA2D59}.Release|Any CPU.Build.0 = Release|Any CPU
	EndGlobalSection
	GlobalSection(SolutionProperties) = preSolution
		HideSolutionNode = FALSE
	EndGlobalSection
	GlobalSection(ExtensibilityGlobals) = postSolution
		SolutionGuid = {C3744004-B8ED-4E46-BF19-B5D6E2F3EEFE}
	EndGlobalSection
EndGlobal
