
Microsoft Visual Studio Solution File, Format Version 12.00
# Visual Studio Version 17
VisualStudioVersion = 17.11.35327.3
MinimumVisualStudioVersion = 10.0.40219.1
Project("{FAE04EC0-301F-11D3-BF4B-00C04F79EFBC}") = "Exercicio1", "ConsoleApp1\Exercicio1.csproj", "{C042826A-5D43-4B8C-9027-5BC68508D59C}"
EndProject
Project("{FAE04EC0-301F-11D3-BF4B-00C04F79EFBC}") = "URI1001", "URI1001\URI1001.csproj", "{AC9FA9FD-C1EF-4A8B-A637-EDD4AC5A6A67}"
EndProject
Project("{FAE04EC0-301F-11D3-BF4B-00C04F79EFBC}") = "URI1002", "URI1002\URI1002.csproj", "{26B40CCF-8001-4102-8D9F-13FC3E16F469}"
EndProject
Project("{FAE04EC0-301F-11D3-BF4B-00C04F79EFBC}") = "URI1003", "URI1003\URI1003.csproj", "{29D4DCB8-AECC-4E87-92A6-CB8679A4DE71}"
EndProject
Project("{FAE04EC0-301F-11D3-BF4B-00C04F79EFBC}") = "URI1004", "URI1004\URI1004.csproj", "{704F54DB-3D07-4A4E-B716-B0C4EEB66FFC}"
EndProject
Project("{FAE04EC0-301F-11D3-BF4B-00C04F79EFBC}") = "URI1005", "URI1005\URI1005.csproj", "{F033636C-65F4-4CDE-859C-F6ADDFCBAB92}"
EndProject
Project("{FAE04EC0-301F-11D3-BF4B-00C04F79EFBC}") = "URI1006", "URI1006\URI1006.csproj", "{6C2DE845-3161-4320-81B2-7DCF8DF4434A}"
EndProject
Project("{FAE04EC0-301F-11D3-BF4B-00C04F79EFBC}") = "URI1007", "URI1007\URI1007.csproj", "{D818E0E2-D45E-49A7-926F-FBFD27921E1C}"
EndProject
Project("{FAE04EC0-301F-11D3-BF4B-00C04F79EFBC}") = "URI1008", "URI1008\URI1008.csproj", "{656EF553-827A-4BCC-AF51-B21A15213288}"
EndProject
Project("{FAE04EC0-301F-11D3-BF4B-00C04F79EFBC}") = "URI1010", "URI1010\URI1010.csproj", "{BB35F83F-6E69-4B61-9C2F-D4DFE3B57693}"
EndProject
Project("{FAE04EC0-301F-11D3-BF4B-00C04F79EFBC}") = "URI1014", "URI1014\URI1014.csproj", "{A35A035A-0427-4538-8C0F-967142860030}"
EndProject
Project("{FAE04EC0-301F-11D3-BF4B-00C04F79EFBC}") = "URI1016", "URI1016\URI1016.csproj", "{579A504B-296B-4810-A30C-3958ABA46EB5}"
EndProject
Project("{FAE04EC0-301F-11D3-BF4B-00C04F79EFBC}") = "URI1017", "URI1017\URI1017.csproj", "{211CC573-10CF-4004-A004-79C2E6E932A7}"
EndProject
Project("{FAE04EC0-301F-11D3-BF4B-00C04F79EFBC}") = "Exercicio2", "Exercicio2\Exercicio2.csproj", "{9DB45A1F-4214-44B4-8F26-C0D21E9F0D75}"
EndProject
Project("{FAE04EC0-301F-11D3-BF4B-00C04F79EFBC}") = "Exercicio3", "Exercicio3\Exercicio3.csproj", "{9891AC19-858D-4351-8C8A-6EF92D41634D}"
EndProject
Project("{FAE04EC0-301F-11D3-BF4B-00C04F79EFBC}") = "URI1009", "URI1009\URI1009.csproj", "{19770EAE-D15F-4C87-B377-11FEEEF3855F}"
EndProject
Project("{FAE04EC0-301F-11D3-BF4B-00C04F79EFBC}") = "URI1011", "URI1011\URI1011.csproj", "{BA83E103-4051-40F9-8D27-817D62E18CBB}"
EndProject
Project("{FAE04EC0-301F-11D3-BF4B-00C04F79EFBC}") = "URI1012", "URI1012\URI1012.csproj", "{FFE888A7-DCFD-44F4-82A8-B082EC6877A0}"
EndProject
Project("{FAE04EC0-301F-11D3-BF4B-00C04F79EFBC}") = "URI1013", "URI1013\URI1013.csproj", "{7D70CD30-7478-4E63-A86A-ED0D0B73DCF8}"
EndProject
Project("{FAE04EC0-301F-11D3-BF4B-00C04F79EFBC}") = "URI1015", "URI1015\URI1015.csproj", "{AE672D14-0F0F-4825-B2E0-2A1DC421DC1A}"
EndProject
Project("{FAE04EC0-301F-11D3-BF4B-00C04F79EFBC}") = "URI1019", "URI1019\URI1019.csproj", "{A5FD1F71-C2C3-44F2-97F5-4AA5E55D87ED}"
EndProject
Project("{FAE04EC0-301F-11D3-BF4B-00C04F79EFBC}") = "URI1018", "URI1018\URI1018.csproj", "{9150B166-4758-4D96-895B-C9F5AEE6E74C}"
EndProject
Project("{FAE04EC0-301F-11D3-BF4B-00C04F79EFBC}") = "URI1020", "URI1020\URI1020.csproj", "{33681723-F6A4-4850-BA68-D3E9E398F2B4}"
EndProject
Project("{FAE04EC0-301F-11D3-BF4B-00C04F79EFBC}") = "URI1021", "URI1021\URI1021.csproj", "{A5415AAC-C09E-4B92-8213-0D2B3A659E53}"
EndProject
Project("{FAE04EC0-301F-11D3-BF4B-00C04F79EFBC}") = "URI1061", "URI1061\URI1061.csproj", "{D2342106-5721-4331-9697-F657CB59E386}"
EndProject
Global
	GlobalSection(SolutionConfigurationPlatforms) = preSolution
		Debug|Any CPU = Debug|Any CPU
		Release|Any CPU = Release|Any CPU
	EndGlobalSection
	GlobalSection(ProjectConfigurationPlatforms) = postSolution
		{C042826A-5D43-4B8C-9027-5BC68508D59C}.Debug|Any CPU.ActiveCfg = Debug|Any CPU
		{C042826A-5D43-4B8C-9027-5BC68508D59C}.Debug|Any CPU.Build.0 = Debug|Any CPU
		{C042826A-5D43-4B8C-9027-5BC68508D59C}.Release|Any CPU.ActiveCfg = Release|Any CPU
		{C042826A-5D43-4B8C-9027-5BC68508D59C}.Release|Any CPU.Build.0 = Release|Any CPU
		{AC9FA9FD-C1EF-4A8B-A637-EDD4AC5A6A67}.Debug|Any CPU.ActiveCfg = Debug|Any CPU
		{AC9FA9FD-C1EF-4A8B-A637-EDD4AC5A6A67}.Debug|Any CPU.Build.0 = Debug|Any CPU
		{AC9FA9FD-C1EF-4A8B-A637-EDD4AC5A6A67}.Release|Any CPU.ActiveCfg = Release|Any CPU
		{AC9FA9FD-C1EF-4A8B-A637-EDD4AC5A6A67}.Release|Any CPU.Build.0 = Release|Any CPU
		{26B40CCF-8001-4102-8D9F-13FC3E16F469}.Debug|Any CPU.ActiveCfg = Debug|Any CPU
		{26B40CCF-8001-4102-8D9F-13FC3E16F469}.Debug|Any CPU.Build.0 = Debug|Any CPU
		{26B40CCF-8001-4102-8D9F-13FC3E16F469}.Release|Any CPU.ActiveCfg = Release|Any CPU
		{26B40CCF-8001-4102-8D9F-13FC3E16F469}.Release|Any CPU.Build.0 = Release|Any CPU
		{29D4DCB8-AECC-4E87-92A6-CB8679A4DE71}.Debug|Any CPU.ActiveCfg = Debug|Any CPU
		{29D4DCB8-AECC-4E87-92A6-CB8679A4DE71}.Debug|Any CPU.Build.0 = Debug|Any CPU
		{29D4DCB8-AECC-4E87-92A6-CB8679A4DE71}.Release|Any CPU.ActiveCfg = Release|Any CPU
		{29D4DCB8-AECC-4E87-92A6-CB8679A4DE71}.Release|Any CPU.Build.0 = Release|Any CPU
		{704F54DB-3D07-4A4E-B716-B0C4EEB66FFC}.Debug|Any CPU.ActiveCfg = Debug|Any CPU
		{704F54DB-3D07-4A4E-B716-B0C4EEB66FFC}.Debug|Any CPU.Build.0 = Debug|Any CPU
		{704F54DB-3D07-4A4E-B716-B0C4EEB66FFC}.Release|Any CPU.ActiveCfg = Release|Any CPU
		{704F54DB-3D07-4A4E-B716-B0C4EEB66FFC}.Release|Any CPU.Build.0 = Release|Any CPU
		{F033636C-65F4-4CDE-859C-F6ADDFCBAB92}.Debug|Any CPU.ActiveCfg = Debug|Any CPU
		{F033636C-65F4-4CDE-859C-F6ADDFCBAB92}.Debug|Any CPU.Build.0 = Debug|Any CPU
		{F033636C-65F4-4CDE-859C-F6ADDFCBAB92}.Release|Any CPU.ActiveCfg = Release|Any CPU
		{F033636C-65F4-4CDE-859C-F6ADDFCBAB92}.Release|Any CPU.Build.0 = Release|Any CPU
		{6C2DE845-3161-4320-81B2-7DCF8DF4434A}.Debug|Any CPU.ActiveCfg = Debug|Any CPU
		{6C2DE845-3161-4320-81B2-7DCF8DF4434A}.Debug|Any CPU.Build.0 = Debug|Any CPU
		{6C2DE845-3161-4320-81B2-7DCF8DF4434A}.Release|Any CPU.ActiveCfg = Release|Any CPU
		{6C2DE845-3161-4320-81B2-7DCF8DF4434A}.Release|Any CPU.Build.0 = Release|Any CPU
		{D818E0E2-D45E-49A7-926F-FBFD27921E1C}.Debug|Any CPU.ActiveCfg = Debug|Any CPU
		{D818E0E2-D45E-49A7-926F-FBFD27921E1C}.Debug|Any CPU.Build.0 = Debug|Any CPU
		{D818E0E2-D45E-49A7-926F-FBFD27921E1C}.Release|Any CPU.ActiveCfg = Release|Any CPU
		{D818E0E2-D45E-49A7-926F-FBFD27921E1C}.Release|Any CPU.Build.0 = Release|Any CPU
		{656EF553-827A-4BCC-AF51-B21A15213288}.Debug|Any CPU.ActiveCfg = Debug|Any CPU
		{656EF553-827A-4BCC-AF51-B21A15213288}.Debug|Any CPU.Build.0 = Debug|Any CPU
		{656EF553-827A-4BCC-AF51-B21A15213288}.Release|Any CPU.ActiveCfg = Release|Any CPU
		{656EF553-827A-4BCC-AF51-B21A15213288}.Release|Any CPU.Build.0 = Release|Any CPU
		{BB35F83F-6E69-4B61-9C2F-D4DFE3B57693}.Debug|Any CPU.ActiveCfg = Debug|Any CPU
		{BB35F83F-6E69-4B61-9C2F-D4DFE3B57693}.Debug|Any CPU.Build.0 = Debug|Any CPU
		{BB35F83F-6E69-4B61-9C2F-D4DFE3B57693}.Release|Any CPU.ActiveCfg = Release|Any CPU
		{BB35F83F-6E69-4B61-9C2F-D4DFE3B57693}.Release|Any CPU.Build.0 = Release|Any CPU
		{A35A035A-0427-4538-8C0F-967142860030}.Debug|Any CPU.ActiveCfg = Debug|Any CPU
		{A35A035A-0427-4538-8C0F-967142860030}.Debug|Any CPU.Build.0 = Debug|Any CPU
		{A35A035A-0427-4538-8C0F-967142860030}.Release|Any CPU.ActiveCfg = Release|Any CPU
		{A35A035A-0427-4538-8C0F-967142860030}.Release|Any CPU.Build.0 = Release|Any CPU
		{579A504B-296B-4810-A30C-3958ABA46EB5}.Debug|Any CPU.ActiveCfg = Debug|Any CPU
		{579A504B-296B-4810-A30C-3958ABA46EB5}.Debug|Any CPU.Build.0 = Debug|Any CPU
		{579A504B-296B-4810-A30C-3958ABA46EB5}.Release|Any CPU.ActiveCfg = Release|Any CPU
		{579A504B-296B-4810-A30C-3958ABA46EB5}.Release|Any CPU.Build.0 = Release|Any CPU
		{211CC573-10CF-4004-A004-79C2E6E932A7}.Debug|Any CPU.ActiveCfg = Debug|Any CPU
		{211CC573-10CF-4004-A004-79C2E6E932A7}.Debug|Any CPU.Build.0 = Debug|Any CPU
		{211CC573-10CF-4004-A004-79C2E6E932A7}.Release|Any CPU.ActiveCfg = Release|Any CPU
		{211CC573-10CF-4004-A004-79C2E6E932A7}.Release|Any CPU.Build.0 = Release|Any CPU
		{9DB45A1F-4214-44B4-8F26-C0D21E9F0D75}.Debug|Any CPU.ActiveCfg = Debug|Any CPU
		{9DB45A1F-4214-44B4-8F26-C0D21E9F0D75}.Debug|Any CPU.Build.0 = Debug|Any CPU
		{9DB45A1F-4214-44B4-8F26-C0D21E9F0D75}.Release|Any CPU.ActiveCfg = Release|Any CPU
		{9DB45A1F-4214-44B4-8F26-C0D21E9F0D75}.Release|Any CPU.Build.0 = Release|Any CPU
		{9891AC19-858D-4351-8C8A-6EF92D41634D}.Debug|Any CPU.ActiveCfg = Debug|Any CPU
		{9891AC19-858D-4351-8C8A-6EF92D41634D}.Debug|Any CPU.Build.0 = Debug|Any CPU
		{9891AC19-858D-4351-8C8A-6EF92D41634D}.Release|Any CPU.ActiveCfg = Release|Any CPU
		{9891AC19-858D-4351-8C8A-6EF92D41634D}.Release|Any CPU.Build.0 = Release|Any CPU
		{19770EAE-D15F-4C87-B377-11FEEEF3855F}.Debug|Any CPU.ActiveCfg = Debug|Any CPU
		{19770EAE-D15F-4C87-B377-11FEEEF3855F}.Debug|Any CPU.Build.0 = Debug|Any CPU
		{19770EAE-D15F-4C87-B377-11FEEEF3855F}.Release|Any CPU.ActiveCfg = Release|Any CPU
		{19770EAE-D15F-4C87-B377-11FEEEF3855F}.Release|Any CPU.Build.0 = Release|Any CPU
		{BA83E103-4051-40F9-8D27-817D62E18CBB}.Debug|Any CPU.ActiveCfg = Debug|Any CPU
		{BA83E103-4051-40F9-8D27-817D62E18CBB}.Debug|Any CPU.Build.0 = Debug|Any CPU
		{BA83E103-4051-40F9-8D27-817D62E18CBB}.Release|Any CPU.ActiveCfg = Release|Any CPU
		{BA83E103-4051-40F9-8D27-817D62E18CBB}.Release|Any CPU.Build.0 = Release|Any CPU
		{FFE888A7-DCFD-44F4-82A8-B082EC6877A0}.Debug|Any CPU.ActiveCfg = Debug|Any CPU
		{FFE888A7-DCFD-44F4-82A8-B082EC6877A0}.Debug|Any CPU.Build.0 = Debug|Any CPU
		{FFE888A7-DCFD-44F4-82A8-B082EC6877A0}.Release|Any CPU.ActiveCfg = Release|Any CPU
		{FFE888A7-DCFD-44F4-82A8-B082EC6877A0}.Release|Any CPU.Build.0 = Release|Any CPU
		{7D70CD30-7478-4E63-A86A-ED0D0B73DCF8}.Debug|Any CPU.ActiveCfg = Debug|Any CPU
		{7D70CD30-7478-4E63-A86A-ED0D0B73DCF8}.Debug|Any CPU.Build.0 = Debug|Any CPU
		{7D70CD30-7478-4E63-A86A-ED0D0B73DCF8}.Release|Any CPU.ActiveCfg = Release|Any CPU
		{7D70CD30-7478-4E63-A86A-ED0D0B73DCF8}.Release|Any CPU.Build.0 = Release|Any CPU
		{AE672D14-0F0F-4825-B2E0-2A1DC421DC1A}.Debug|Any CPU.ActiveCfg = Debug|Any CPU
		{AE672D14-0F0F-4825-B2E0-2A1DC421DC1A}.Debug|Any CPU.Build.0 = Debug|Any CPU
		{AE672D14-0F0F-4825-B2E0-2A1DC421DC1A}.Release|Any CPU.ActiveCfg = Release|Any CPU
		{AE672D14-0F0F-4825-B2E0-2A1DC421DC1A}.Release|Any CPU.Build.0 = Release|Any CPU
		{A5FD1F71-C2C3-44F2-97F5-4AA5E55D87ED}.Debug|Any CPU.ActiveCfg = Debug|Any CPU
		{A5FD1F71-C2C3-44F2-97F5-4AA5E55D87ED}.Debug|Any CPU.Build.0 = Debug|Any CPU
		{A5FD1F71-C2C3-44F2-97F5-4AA5E55D87ED}.Release|Any CPU.ActiveCfg = Release|Any CPU
		{A5FD1F71-C2C3-44F2-97F5-4AA5E55D87ED}.Release|Any CPU.Build.0 = Release|Any CPU
		{9150B166-4758-4D96-895B-C9F5AEE6E74C}.Debug|Any CPU.ActiveCfg = Debug|Any CPU
		{9150B166-4758-4D96-895B-C9F5AEE6E74C}.Debug|Any CPU.Build.0 = Debug|Any CPU
		{9150B166-4758-4D96-895B-C9F5AEE6E74C}.Release|Any CPU.ActiveCfg = Release|Any CPU
		{9150B166-4758-4D96-895B-C9F5AEE6E74C}.Release|Any CPU.Build.0 = Release|Any CPU
		{33681723-F6A4-4850-BA68-D3E9E398F2B4}.Debug|Any CPU.ActiveCfg = Debug|Any CPU
		{33681723-F6A4-4850-BA68-D3E9E398F2B4}.Debug|Any CPU.Build.0 = Debug|Any CPU
		{33681723-F6A4-4850-BA68-D3E9E398F2B4}.Release|Any CPU.ActiveCfg = Release|Any CPU
		{33681723-F6A4-4850-BA68-D3E9E398F2B4}.Release|Any CPU.Build.0 = Release|Any CPU
		{A5415AAC-C09E-4B92-8213-0D2B3A659E53}.Debug|Any CPU.ActiveCfg = Debug|Any CPU
		{A5415AAC-C09E-4B92-8213-0D2B3A659E53}.Debug|Any CPU.Build.0 = Debug|Any CPU
		{A5415AAC-C09E-4B92-8213-0D2B3A659E53}.Release|Any CPU.ActiveCfg = Release|Any CPU
		{A5415AAC-C09E-4B92-8213-0D2B3A659E53}.Release|Any CPU.Build.0 = Release|Any CPU
		{D2342106-5721-4331-9697-F657CB59E386}.Debug|Any CPU.ActiveCfg = Debug|Any CPU
		{D2342106-5721-4331-9697-F657CB59E386}.Debug|Any CPU.Build.0 = Debug|Any CPU
		{D2342106-5721-4331-9697-F657CB59E386}.Release|Any CPU.ActiveCfg = Release|Any CPU
		{D2342106-5721-4331-9697-F657CB59E386}.Release|Any CPU.Build.0 = Release|Any CPU
	EndGlobalSection
	GlobalSection(SolutionProperties) = preSolution
		HideSolutionNode = FALSE
	EndGlobalSection
	GlobalSection(ExtensibilityGlobals) = postSolution
		SolutionGuid = {993930F0-4B3D-4DE8-BF50-818CF4F6591C}
	EndGlobalSection
EndGlobal
