
Microsoft Visual Studio Solution File, Format Version 12.00
# Visual Studio Version 17
VisualStudioVersion = 17.14.36623.8
MinimumVisualStudioVersion = 10.0.40219.1
Project("{FAE04EC0-301F-11D3-BF4B-00C04F79EFBC}") = "ExercicioArea", "ExercicioArea\ExercicioArea.csproj", "{C88102FA-216C-443C-9635-C22FA22061E9}"
EndProject
Project("{FAE04EC0-301F-11D3-BF4B-00C04F79EFBC}") = "Exercicio1000", "Exercicio1000\Exercicio1000.csproj", "{6D781916-E456-4A1A-B002-684C8D6AFA1C}"
EndProject
Project("{FAE04EC0-301F-11D3-BF4B-00C04F79EFBC}") = "Exercicio1001", "Exercicio1001\Exercicio1001.csproj", "{5F926C03-386B-4BDE-9544-7608A9E8F01F}"
EndProject
Project("{FAE04EC0-301F-11D3-BF4B-00C04F79EFBC}") = "Exercicio1002", "Exercicio1002\Exercicio1002.csproj", "{EB3F5E11-0B86-4FA9-8CBF-8E95AD9BB5AC}"
EndProject
Project("{FAE04EC0-301F-11D3-BF4B-00C04F79EFBC}") = "Exercicio1003", "Exercicio1003\Exercicio1003.csproj", "{810743D8-A85A-4F19-A1A3-8EAF702C062D}"
EndProject
Project("{FAE04EC0-301F-11D3-BF4B-00C04F79EFBC}") = "Exercicio1004", "Exercicio1004\Exercicio1004.csproj", "{D9D92B73-735C-4097-9DCA-024CBBE554C8}"
EndProject
Project("{FAE04EC0-301F-11D3-BF4B-00C04F79EFBC}") = "Exercicio1005", "Exercicio1005\Exercicio1005.csproj", "{EE054159-AFCD-40B7-8BCB-F0BFECE5B0FB}"
EndProject
Project("{FAE04EC0-301F-11D3-BF4B-00C04F79EFBC}") = "Exercicio1006", "Exercicio1006\Exercicio1006.csproj", "{4FA24EA9-EF59-40AD-9D58-4F05773A1F78}"
EndProject
Project("{FAE04EC0-301F-11D3-BF4B-00C04F79EFBC}") = "Exercicio1007", "Exercicio1007\Exercicio1007.csproj", "{1F220EDD-F1FB-4ABA-AFCC-122DADC6DD82}"
EndProject
Project("{FAE04EC0-301F-11D3-BF4B-00C04F79EFBC}") = "Exercicio1008", "Exercicio1008\Exercicio1008.csproj", "{5BE0048B-ADE7-43BA-804D-546F26F8031D}"
EndProject
Project("{FAE04EC0-301F-11D3-BF4B-00C04F79EFBC}") = "Exercicio1010", "Exercicio1010\Exercicio1010.csproj", "{DE8F15CB-30BD-4668-A43E-8E53130D1B6D}"
EndProject
Project("{FAE04EC0-301F-11D3-BF4B-00C04F79EFBC}") = "Exercicio1014", "Exercicio1014\Exercicio1014.csproj", "{3E0C981F-95C4-4D6C-B784-1483E8B9F3D5}"
EndProject
Project("{FAE04EC0-301F-11D3-BF4B-00C04F79EFBC}") = "Exercicio1016", "Exercicio1016\Exercicio1016.csproj", "{CA59E9C2-179A-4419-A4D3-70C1480293EE}"
EndProject
Project("{FAE04EC0-301F-11D3-BF4B-00C04F79EFBC}") = "Exercicio1017", "Exercicio1017\Exercicio1017.csproj", "{9B21D7C5-6E97-40AB-A48D-F2B5798BFE50}"
EndProject
Project("{FAE04EC0-301F-11D3-BF4B-00C04F79EFBC}") = "ExercicioRetangulo", "ExercicioRetangulo\ExercicioRetangulo.csproj", "{87B07BE2-5567-4FFE-AE64-5BC9D6A0B9AD}"
EndProject
Project("{FAE04EC0-301F-11D3-BF4B-00C04F79EFBC}") = "IdadeMedia", "IdadeMedia\IdadeMedia.csproj", "{4D92700C-A53F-449C-B465-12383C64862B}"
EndProject
Project("{FAE04EC0-301F-11D3-BF4B-00C04F79EFBC}") = "Exercicio1009", "Exercicio1009\Exercicio1009.csproj", "{45E40594-3252-4223-B18B-9E82291C829C}"
EndProject
Project("{FAE04EC0-301F-11D3-BF4B-00C04F79EFBC}") = "Exercicio 1011", "Exercicio 1011\Exercicio 1011.csproj", "{18071824-81C5-4096-AFA9-E4ED2C6707D9}"
EndProject
Project("{FAE04EC0-301F-11D3-BF4B-00C04F79EFBC}") = "Exercicio1012", "Exercicio1012\Exercicio1012.csproj", "{2523863C-5AE0-453F-8C0C-383A3E50B6C3}"
EndProject
Project("{FAE04EC0-301F-11D3-BF4B-00C04F79EFBC}") = "Exercicio1013", "Exercicio1013\Exercicio1013.csproj", "{290DE36A-C049-49BD-AD28-AA5FACF5B64D}"
EndProject
Project("{FAE04EC0-301F-11D3-BF4B-00C04F79EFBC}") = "Exercicio1015", "Exercicio1015\Exercicio1015.csproj", "{BCA49F88-4E86-4080-9F7F-CE1879274868}"
EndProject
Global
	GlobalSection(SolutionConfigurationPlatforms) = preSolution
		Debug|Any CPU = Debug|Any CPU
		Release|Any CPU = Release|Any CPU
	EndGlobalSection
	GlobalSection(ProjectConfigurationPlatforms) = postSolution
		{C88102FA-216C-443C-9635-C22FA22061E9}.Debug|Any CPU.ActiveCfg = Debug|Any CPU
		{C88102FA-216C-443C-9635-C22FA22061E9}.Debug|Any CPU.Build.0 = Debug|Any CPU
		{C88102FA-216C-443C-9635-C22FA22061E9}.Release|Any CPU.ActiveCfg = Release|Any CPU
		{C88102FA-216C-443C-9635-C22FA22061E9}.Release|Any CPU.Build.0 = Release|Any CPU
		{6D781916-E456-4A1A-B002-684C8D6AFA1C}.Debug|Any CPU.ActiveCfg = Debug|Any CPU
		{6D781916-E456-4A1A-B002-684C8D6AFA1C}.Debug|Any CPU.Build.0 = Debug|Any CPU
		{6D781916-E456-4A1A-B002-684C8D6AFA1C}.Release|Any CPU.ActiveCfg = Release|Any CPU
		{6D781916-E456-4A1A-B002-684C8D6AFA1C}.Release|Any CPU.Build.0 = Release|Any CPU
		{5F926C03-386B-4BDE-9544-7608A9E8F01F}.Debug|Any CPU.ActiveCfg = Debug|Any CPU
		{5F926C03-386B-4BDE-9544-7608A9E8F01F}.Debug|Any CPU.Build.0 = Debug|Any CPU
		{5F926C03-386B-4BDE-9544-7608A9E8F01F}.Release|Any CPU.ActiveCfg = Release|Any CPU
		{5F926C03-386B-4BDE-9544-7608A9E8F01F}.Release|Any CPU.Build.0 = Release|Any CPU
		{EB3F5E11-0B86-4FA9-8CBF-8E95AD9BB5AC}.Debug|Any CPU.ActiveCfg = Debug|Any CPU
		{EB3F5E11-0B86-4FA9-8CBF-8E95AD9BB5AC}.Debug|Any CPU.Build.0 = Debug|Any CPU
		{EB3F5E11-0B86-4FA9-8CBF-8E95AD9BB5AC}.Release|Any CPU.ActiveCfg = Release|Any CPU
		{EB3F5E11-0B86-4FA9-8CBF-8E95AD9BB5AC}.Release|Any CPU.Build.0 = Release|Any CPU
		{810743D8-A85A-4F19-A1A3-8EAF702C062D}.Debug|Any CPU.ActiveCfg = Debug|Any CPU
		{810743D8-A85A-4F19-A1A3-8EAF702C062D}.Debug|Any CPU.Build.0 = Debug|Any CPU
		{810743D8-A85A-4F19-A1A3-8EAF702C062D}.Release|Any CPU.ActiveCfg = Release|Any CPU
		{810743D8-A85A-4F19-A1A3-8EAF702C062D}.Release|Any CPU.Build.0 = Release|Any CPU
		{D9D92B73-735C-4097-9DCA-024CBBE554C8}.Debug|Any CPU.ActiveCfg = Debug|Any CPU
		{D9D92B73-735C-4097-9DCA-024CBBE554C8}.Debug|Any CPU.Build.0 = Debug|Any CPU
		{D9D92B73-735C-4097-9DCA-024CBBE554C8}.Release|Any CPU.ActiveCfg = Release|Any CPU
		{D9D92B73-735C-4097-9DCA-024CBBE554C8}.Release|Any CPU.Build.0 = Release|Any CPU
		{EE054159-AFCD-40B7-8BCB-F0BFECE5B0FB}.Debug|Any CPU.ActiveCfg = Debug|Any CPU
		{EE054159-AFCD-40B7-8BCB-F0BFECE5B0FB}.Debug|Any CPU.Build.0 = Debug|Any CPU
		{EE054159-AFCD-40B7-8BCB-F0BFECE5B0FB}.Release|Any CPU.ActiveCfg = Release|Any CPU
		{EE054159-AFCD-40B7-8BCB-F0BFECE5B0FB}.Release|Any CPU.Build.0 = Release|Any CPU
		{4FA24EA9-EF59-40AD-9D58-4F05773A1F78}.Debug|Any CPU.ActiveCfg = Debug|Any CPU
		{4FA24EA9-EF59-40AD-9D58-4F05773A1F78}.Debug|Any CPU.Build.0 = Debug|Any CPU
		{4FA24EA9-EF59-40AD-9D58-4F05773A1F78}.Release|Any CPU.ActiveCfg = Release|Any CPU
		{4FA24EA9-EF59-40AD-9D58-4F05773A1F78}.Release|Any CPU.Build.0 = Release|Any CPU
		{1F220EDD-F1FB-4ABA-AFCC-122DADC6DD82}.Debug|Any CPU.ActiveCfg = Debug|Any CPU
		{1F220EDD-F1FB-4ABA-AFCC-122DADC6DD82}.Debug|Any CPU.Build.0 = Debug|Any CPU
		{1F220EDD-F1FB-4ABA-AFCC-122DADC6DD82}.Release|Any CPU.ActiveCfg = Release|Any CPU
		{1F220EDD-F1FB-4ABA-AFCC-122DADC6DD82}.Release|Any CPU.Build.0 = Release|Any CPU
		{5BE0048B-ADE7-43BA-804D-546F26F8031D}.Debug|Any CPU.ActiveCfg = Debug|Any CPU
		{5BE0048B-ADE7-43BA-804D-546F26F8031D}.Debug|Any CPU.Build.0 = Debug|Any CPU
		{5BE0048B-ADE7-43BA-804D-546F26F8031D}.Release|Any CPU.ActiveCfg = Release|Any CPU
		{5BE0048B-ADE7-43BA-804D-546F26F8031D}.Release|Any CPU.Build.0 = Release|Any CPU
		{DE8F15CB-30BD-4668-A43E-8E53130D1B6D}.Debug|Any CPU.ActiveCfg = Debug|Any CPU
		{DE8F15CB-30BD-4668-A43E-8E53130D1B6D}.Debug|Any CPU.Build.0 = Debug|Any CPU
		{DE8F15CB-30BD-4668-A43E-8E53130D1B6D}.Release|Any CPU.ActiveCfg = Release|Any CPU
		{DE8F15CB-30BD-4668-A43E-8E53130D1B6D}.Release|Any CPU.Build.0 = Release|Any CPU
		{3E0C981F-95C4-4D6C-B784-1483E8B9F3D5}.Debug|Any CPU.ActiveCfg = Debug|Any CPU
		{3E0C981F-95C4-4D6C-B784-1483E8B9F3D5}.Debug|Any CPU.Build.0 = Debug|Any CPU
		{3E0C981F-95C4-4D6C-B784-1483E8B9F3D5}.Release|Any CPU.ActiveCfg = Release|Any CPU
		{3E0C981F-95C4-4D6C-B784-1483E8B9F3D5}.Release|Any CPU.Build.0 = Release|Any CPU
		{CA59E9C2-179A-4419-A4D3-70C1480293EE}.Debug|Any CPU.ActiveCfg = Debug|Any CPU
		{CA59E9C2-179A-4419-A4D3-70C1480293EE}.Debug|Any CPU.Build.0 = Debug|Any CPU
		{CA59E9C2-179A-4419-A4D3-70C1480293EE}.Release|Any CPU.ActiveCfg = Release|Any CPU
		{CA59E9C2-179A-4419-A4D3-70C1480293EE}.Release|Any CPU.Build.0 = Release|Any CPU
		{9B21D7C5-6E97-40AB-A48D-F2B5798BFE50}.Debug|Any CPU.ActiveCfg = Debug|Any CPU
		{9B21D7C5-6E97-40AB-A48D-F2B5798BFE50}.Debug|Any CPU.Build.0 = Debug|Any CPU
		{9B21D7C5-6E97-40AB-A48D-F2B5798BFE50}.Release|Any CPU.ActiveCfg = Release|Any CPU
		{9B21D7C5-6E97-40AB-A48D-F2B5798BFE50}.Release|Any CPU.Build.0 = Release|Any CPU
		{87B07BE2-5567-4FFE-AE64-5BC9D6A0B9AD}.Debug|Any CPU.ActiveCfg = Debug|Any CPU
		{87B07BE2-5567-4FFE-AE64-5BC9D6A0B9AD}.Debug|Any CPU.Build.0 = Debug|Any CPU
		{87B07BE2-5567-4FFE-AE64-5BC9D6A0B9AD}.Release|Any CPU.ActiveCfg = Release|Any CPU
		{87B07BE2-5567-4FFE-AE64-5BC9D6A0B9AD}.Release|Any CPU.Build.0 = Release|Any CPU
		{4D92700C-A53F-449C-B465-12383C64862B}.Debug|Any CPU.ActiveCfg = Debug|Any CPU
		{4D92700C-A53F-449C-B465-12383C64862B}.Debug|Any CPU.Build.0 = Debug|Any CPU
		{4D92700C-A53F-449C-B465-12383C64862B}.Release|Any CPU.ActiveCfg = Release|Any CPU
		{4D92700C-A53F-449C-B465-12383C64862B}.Release|Any CPU.Build.0 = Release|Any CPU
		{45E40594-3252-4223-B18B-9E82291C829C}.Debug|Any CPU.ActiveCfg = Debug|Any CPU
		{45E40594-3252-4223-B18B-9E82291C829C}.Debug|Any CPU.Build.0 = Debug|Any CPU
		{45E40594-3252-4223-B18B-9E82291C829C}.Release|Any CPU.ActiveCfg = Release|Any CPU
		{45E40594-3252-4223-B18B-9E82291C829C}.Release|Any CPU.Build.0 = Release|Any CPU
		{18071824-81C5-4096-AFA9-E4ED2C6707D9}.Debug|Any CPU.ActiveCfg = Debug|Any CPU
		{18071824-81C5-4096-AFA9-E4ED2C6707D9}.Debug|Any CPU.Build.0 = Debug|Any CPU
		{18071824-81C5-4096-AFA9-E4ED2C6707D9}.Release|Any CPU.ActiveCfg = Release|Any CPU
		{18071824-81C5-4096-AFA9-E4ED2C6707D9}.Release|Any CPU.Build.0 = Release|Any CPU
		{2523863C-5AE0-453F-8C0C-383A3E50B6C3}.Debug|Any CPU.ActiveCfg = Debug|Any CPU
		{2523863C-5AE0-453F-8C0C-383A3E50B6C3}.Debug|Any CPU.Build.0 = Debug|Any CPU
		{2523863C-5AE0-453F-8C0C-383A3E50B6C3}.Release|Any CPU.ActiveCfg = Release|Any CPU
		{2523863C-5AE0-453F-8C0C-383A3E50B6C3}.Release|Any CPU.Build.0 = Release|Any CPU
		{290DE36A-C049-49BD-AD28-AA5FACF5B64D}.Debug|Any CPU.ActiveCfg = Debug|Any CPU
		{290DE36A-C049-49BD-AD28-AA5FACF5B64D}.Debug|Any CPU.Build.0 = Debug|Any CPU
		{290DE36A-C049-49BD-AD28-AA5FACF5B64D}.Release|Any CPU.ActiveCfg = Release|Any CPU
		{290DE36A-C049-49BD-AD28-AA5FACF5B64D}.Release|Any CPU.Build.0 = Release|Any CPU
		{BCA49F88-4E86-4080-9F7F-CE1879274868}.Debug|Any CPU.ActiveCfg = Debug|Any CPU
		{BCA49F88-4E86-4080-9F7F-CE1879274868}.Debug|Any CPU.Build.0 = Debug|Any CPU
		{BCA49F88-4E86-4080-9F7F-CE1879274868}.Release|Any CPU.ActiveCfg = Release|Any CPU
		{BCA49F88-4E86-4080-9F7F-CE1879274868}.Release|Any CPU.Build.0 = Release|Any CPU
	EndGlobalSection
	GlobalSection(SolutionProperties) = preSolution
		HideSolutionNode = FALSE
	EndGlobalSection
	GlobalSection(ExtensibilityGlobals) = postSolution
		SolutionGuid = {CC35D8CD-557E-47E7-A7FC-638CDDC8F071}
	EndGlobalSection
EndGlobal
